
Microsoft Visual Studio Solution File, Format Version 12.00
# Visual Studio Version 17
VisualStudioVersion = 17.8.34309.116
MinimumVisualStudioVersion = 10.0.40219.1
Project("{FAE04EC0-301F-11D3-BF4B-00C04F79EFBC}") = "BCVP.Net8", "BCVP.Net8\BCVP.Net8.csproj", "{BD7EE4A9-7CC9-4C52-87E3-EBC3B42A404D}"
EndProject
Project("{FAE04EC0-301F-11D3-BF4B-00C04F79EFBC}") = "BCVP.Net8.Common", "BCVP.Net8.Common\BCVP.Net8.Common.csproj", "{C647151B-3E4C-443D-9497-F5FB87002787}"
EndProject
Project("{FAE04EC0-301F-11D3-BF4B-00C04F79EFBC}") = "BCVP.Net8.Model", "BCVP.Net8.Model\BCVP.Net8.Model.csproj", "{2FC9F493-7E5A-45F6-A565-76A635F85D50}"
EndProject
Project("{FAE04EC0-301F-11D3-BF4B-00C04F79EFBC}") = "BCVP.Net8.Repository", "BCVP.Net8.Repository\BCVP.Net8.Repository.csproj", "{EB80B100-422B-4EBD-AF33-E6E9D9274827}"
EndProject
Project("{FAE04EC0-301F-11D3-BF4B-00C04F79EFBC}") = "BCVP.Net8.IService", "BCVP.Net8.IService\BCVP.Net8.IService.csproj", "{B5A732F9-87CE-4C01-8790-E2BC8EF20F1F}"
EndProject
Project("{FAE04EC0-301F-11D3-BF4B-00C04F79EFBC}") = "BCVP.Net8.Service", "BCVP.Net8.Service\BCVP.Net8.Service.csproj", "{3F02B7E4-5EC0-4B4E-BEEB-2C2D25AEA38D}"
EndProject
Global
	GlobalSection(SolutionConfigurationPlatforms) = preSolution
		Debug|Any CPU = Debug|Any CPU
		Release|Any CPU = Release|Any CPU
	EndGlobalSection
	GlobalSection(ProjectConfigurationPlatforms) = postSolution
		{BD7EE4A9-7CC9-4C52-87E3-EBC3B42A404D}.Debug|Any CPU.ActiveCfg = Debug|Any CPU
		{BD7EE4A9-7CC9-4C52-87E3-EBC3B42A404D}.Debug|Any CPU.Build.0 = Debug|Any CPU
		{BD7EE4A9-7CC9-4C52-87E3-EBC3B42A404D}.Release|Any CPU.ActiveCfg = Release|Any CPU
		{BD7EE4A9-7CC9-4C52-87E3-EBC3B42A404D}.Release|Any CPU.Build.0 = Release|Any CPU
		{C647151B-3E4C-443D-9497-F5FB87002787}.Debug|Any CPU.ActiveCfg = Debug|Any CPU
		{C647151B-3E4C-443D-9497-F5FB87002787}.Debug|Any CPU.Build.0 = Debug|Any CPU
		{C647151B-3E4C-443D-9497-F5FB87002787}.Release|Any CPU.ActiveCfg = Release|Any CPU
		{C647151B-3E4C-443D-9497-F5FB87002787}.Release|Any CPU.Build.0 = Release|Any CPU
		{2FC9F493-7E5A-45F6-A565-76A635F85D50}.Debug|Any CPU.ActiveCfg = Debug|Any CPU
		{2FC9F493-7E5A-45F6-A565-76A635F85D50}.Debug|Any CPU.Build.0 = Debug|Any CPU
		{2FC9F493-7E5A-45F6-A565-76A635F85D50}.Release|Any CPU.ActiveCfg = Release|Any CPU
		{2FC9F493-7E5A-45F6-A565-76A635F85D50}.Release|Any CPU.Build.0 = Release|Any CPU
		{EB80B100-422B-4EBD-AF33-E6E9D9274827}.Debug|Any CPU.ActiveCfg = Debug|Any CPU
		{EB80B100-422B-4EBD-AF33-E6E9D9274827}.Debug|Any CPU.Build.0 = Debug|Any CPU
		{EB80B100-422B-4EBD-AF33-E6E9D9274827}.Release|Any CPU.ActiveCfg = Release|Any CPU
		{EB80B100-422B-4EBD-AF33-E6E9D9274827}.Release|Any CPU.Build.0 = Release|Any CPU
		{B5A732F9-87CE-4C01-8790-E2BC8EF20F1F}.Debug|Any CPU.ActiveCfg = Debug|Any CPU
		{B5A732F9-87CE-4C01-8790-E2BC8EF20F1F}.Debug|Any CPU.Build.0 = Debug|Any CPU
		{B5A732F9-87CE-4C01-8790-E2BC8EF20F1F}.Release|Any CPU.ActiveCfg = Release|Any CPU
		{B5A732F9-87CE-4C01-8790-E2BC8EF20F1F}.Release|Any CPU.Build.0 = Release|Any CPU
		{3F02B7E4-5EC0-4B4E-BEEB-2C2D25AEA38D}.Debug|Any CPU.ActiveCfg = Debug|Any CPU
		{3F02B7E4-5EC0-4B4E-BEEB-2C2D25AEA38D}.Debug|Any CPU.Build.0 = Debug|Any CPU
		{3F02B7E4-5EC0-4B4E-BEEB-2C2D25AEA38D}.Release|Any CPU.ActiveCfg = Release|Any CPU
		{3F02B7E4-5EC0-4B4E-BEEB-2C2D25AEA38D}.Release|Any CPU.Build.0 = Release|Any CPU
	EndGlobalSection
	GlobalSection(SolutionProperties) = preSolution
		HideSolutionNode = FALSE
	EndGlobalSection
	GlobalSection(ExtensibilityGlobals) = postSolution
		SolutionGuid = {DB918A54-1C96-4174-AAF2-A89A169C28A7}
	EndGlobalSection
EndGlobal
